// !$*UTF8*$!
{
	archiveVersion = 1;
	classes = {
	};
	objectVersion = 56;
	objects = {

/* Begin PBXBuildFile section */
		03093EE729D7125600B4D28C /* AppDelegate.swift in Sources */ = {isa = PBXBuildFile; fileRef = 03093EE629D7125600B4D28C /* AppDelegate.swift */; };
		03093EE929D7125600B4D28C /* SceneDelegate.swift in Sources */ = {isa = PBXBuildFile; fileRef = 03093EE829D7125600B4D28C /* SceneDelegate.swift */; };
		03093EEB29D7125600B4D28C /* AmountEntryViewController.swift in Sources */ = {isa = PBXBuildFile; fileRef = 03093EEA29D7125600B4D28C /* AmountEntryViewController.swift */; };
		03093EF329D7125600B4D28C /* LaunchScreen.storyboard in Resources */ = {isa = PBXBuildFile; fileRef = 03093EF129D7125600B4D28C /* LaunchScreen.storyboard */; };
		03093EFE29D7125600B4D28C /* PaymentsTests.swift in Sources */ = {isa = PBXBuildFile; fileRef = 03093EFD29D7125600B4D28C /* PaymentsTests.swift */; };
		03093F0829D7125600B4D28C /* PaymentsUITests.swift in Sources */ = {isa = PBXBuildFile; fileRef = 03093F0729D7125600B4D28C /* PaymentsUITests.swift */; };
		03093F0A29D7125600B4D28C /* PaymentsUITestsLaunchTests.swift in Sources */ = {isa = PBXBuildFile; fileRef = 03093F0929D7125600B4D28C /* PaymentsUITestsLaunchTests.swift */; };
		03093F1E29D7301F00B4D28C /* PaymentTypeViewController.swift in Sources */ = {isa = PBXBuildFile; fileRef = 03093F1D29D7301F00B4D28C /* PaymentTypeViewController.swift */; };
		03093F2029D7302B00B4D28C /* BankSelectionViewController.swift in Sources */ = {isa = PBXBuildFile; fileRef = 03093F1F29D7302B00B4D28C /* BankSelectionViewController.swift */; };
		03093F2229D7303700B4D28C /* InstallmentsSelectionViewController.swift in Sources */ = {isa = PBXBuildFile; fileRef = 03093F2129D7303700B4D28C /* InstallmentsSelectionViewController.swift */; };
		03093F2429D7337500B4D28C /* PaymentMethod.swift in Sources */ = {isa = PBXBuildFile; fileRef = 03093F2329D7337500B4D28C /* PaymentMethod.swift */; };
		03093F2E29D7373400B4D28C /* AmountEntryPresenter.swift in Sources */ = {isa = PBXBuildFile; fileRef = 03093F2D29D7373400B4D28C /* AmountEntryPresenter.swift */; };
		03093F3029D7374600B4D28C /* PaymentTypePresenter.swift in Sources */ = {isa = PBXBuildFile; fileRef = 03093F2F29D7374600B4D28C /* PaymentTypePresenter.swift */; };
		03093F3229D7374F00B4D28C /* BankSelectionPresenter.swift in Sources */ = {isa = PBXBuildFile; fileRef = 03093F3129D7374F00B4D28C /* BankSelectionPresenter.swift */; };
		03093F3429D7375F00B4D28C /* InstallmentsSelectionPresenter.swift in Sources */ = {isa = PBXBuildFile; fileRef = 03093F3329D7375F00B4D28C /* InstallmentsSelectionPresenter.swift */; };
		03093F3629D7379E00B4D28C /* PaymentsMethodsService.swift in Sources */ = {isa = PBXBuildFile; fileRef = 03093F3529D7379E00B4D28C /* PaymentsMethodsService.swift */; };
		03093F3929D7928300B4D28C /* UIViewController+ViewSetupProtocol.swift in Sources */ = {isa = PBXBuildFile; fileRef = 03093F3829D7928300B4D28C /* UIViewController+ViewSetupProtocol.swift */; };
		03093F3D29D7A3D500B4D28C /* PaymentsAmountTextField.swift in Sources */ = {isa = PBXBuildFile; fileRef = 03093F3C29D7A3D500B4D28C /* PaymentsAmountTextField.swift */; };
		03093F3F29D7AE8F00B4D28C /* PaymentsButton.swift in Sources */ = {isa = PBXBuildFile; fileRef = 03093F3E29D7AE8F00B4D28C /* PaymentsButton.swift */; };
		03093F4129D7B6DF00B4D28C /* Constants.swift in Sources */ = {isa = PBXBuildFile; fileRef = 03093F4029D7B6DF00B4D28C /* Constants.swift */; };
		03093F4529D7DD4C00B4D28C /* PaymentsLabel.swift in Sources */ = {isa = PBXBuildFile; fileRef = 03093F4429D7DD4C00B4D28C /* PaymentsLabel.swift */; };
		033DBE2C29DA60BC00F758C2 /* AmountEntryViewControllerTests.swift in Sources */ = {isa = PBXBuildFile; fileRef = 033DBE2B29DA60BC00F758C2 /* AmountEntryViewControllerTests.swift */; };
		033DBE2E29DA6E9300F758C2 /* Assets.xcassets in Resources */ = {isa = PBXBuildFile; fileRef = 033DBE2D29DA6E9300F758C2 /* Assets.xcassets */; };
		034DFA0029D8AD4B0046720F /* PaymentCardFlowView.swift in Sources */ = {isa = PBXBuildFile; fileRef = 034DF9FF29D8AD4B0046720F /* PaymentCardFlowView.swift */; };
		034DFA0229D8AECA0046720F /* UserSelection.swift in Sources */ = {isa = PBXBuildFile; fileRef = 034DFA0129D8AECA0046720F /* UserSelection.swift */; };
		034DFA0429D8D6FD0046720F /* PaymentsMethodsCardIssuerService.swift in Sources */ = {isa = PBXBuildFile; fileRef = 034DFA0329D8D6FD0046720F /* PaymentsMethodsCardIssuerService.swift */; };
		034DFA0629D8D79A0046720F /* CardIssuer.swift in Sources */ = {isa = PBXBuildFile; fileRef = 034DFA0529D8D79A0046720F /* CardIssuer.swift */; };
		034DFA0829D8DAF50046720F /* PaymentsTableView.swift in Sources */ = {isa = PBXBuildFile; fileRef = 034DFA0729D8DAF50046720F /* PaymentsTableView.swift */; };
		034DFA0A29D8F2830046720F /* PaymentsMethodsInstallmentsService.swift in Sources */ = {isa = PBXBuildFile; fileRef = 034DFA0929D8F2830046720F /* PaymentsMethodsInstallmentsService.swift */; };
		034DFA0C29D9018E0046720F /* BankTableViewCell.swift in Sources */ = {isa = PBXBuildFile; fileRef = 034DFA0B29D9018E0046720F /* BankTableViewCell.swift */; };
		034DFA0E29D919D30046720F /* InstallmentsTableViewCell.swift in Sources */ = {isa = PBXBuildFile; fileRef = 034DFA0D29D919D30046720F /* InstallmentsTableViewCell.swift */; };
		034DFA1029D91D4C0046720F /* Installments.swift in Sources */ = {isa = PBXBuildFile; fileRef = 034DFA0F29D91D4C0046720F /* Installments.swift */; };
		034DFA1229D95D130046720F /* ConfirmPaymentViewController.swift in Sources */ = {isa = PBXBuildFile; fileRef = 034DFA1129D95D130046720F /* ConfirmPaymentViewController.swift */; };
		034DFA1429D95E5A0046720F /* ConfirmPaymentPresenter.swift in Sources */ = {isa = PBXBuildFile; fileRef = 034DFA1329D95E5A0046720F /* ConfirmPaymentPresenter.swift */; };
		034DFA1629D965070046720F /* Strings+ MoneyFormatting.swift in Sources */ = {isa = PBXBuildFile; fileRef = 034DFA1529D965070046720F /* Strings+ MoneyFormatting.swift */; };
		0390E25929DA4BFA00FC686B /* AmountEntryPresenterTests.swift in Sources */ = {isa = PBXBuildFile; fileRef = 0390E25829DA4BFA00FC686B /* AmountEntryPresenterTests.swift */; };
		0390E25C29DA4D6B00FC686B /* AmountEntryViewController.swift in Sources */ = {isa = PBXBuildFile; fileRef = 03093EEA29D7125600B4D28C /* AmountEntryViewController.swift */; };
		0390E25D29DA4D8200FC686B /* AmountEntryPresenter.swift in Sources */ = {isa = PBXBuildFile; fileRef = 03093F2D29D7373400B4D28C /* AmountEntryPresenter.swift */; };
		0390E25E29DA4D8C00FC686B /* UserSelection.swift in Sources */ = {isa = PBXBuildFile; fileRef = 034DFA0129D8AECA0046720F /* UserSelection.swift */; };
		0390E26229DA513200FC686B /* PaymentTypeViewController.swift in Sources */ = {isa = PBXBuildFile; fileRef = 03093F1D29D7301F00B4D28C /* PaymentTypeViewController.swift */; };
		0390E26329DA513600FC686B /* PaymentTypePresenter.swift in Sources */ = {isa = PBXBuildFile; fileRef = 03093F2F29D7374600B4D28C /* PaymentTypePresenter.swift */; };
		0390E26429DA513A00FC686B /* PaymentMethodTableViewCell.swift in Sources */ = {isa = PBXBuildFile; fileRef = 03D6CFF129D86AA500E5735E /* PaymentMethodTableViewCell.swift */; };
		0390E26629DA526900FC686B /* PaymentMethod.swift in Sources */ = {isa = PBXBuildFile; fileRef = 03093F2329D7337500B4D28C /* PaymentMethod.swift */; };
		0390E26829DA529E00FC686B /* Environment.plist in Resources */ = {isa = PBXBuildFile; fileRef = 03D6CFEA29D7F42300E5735E /* Environment.plist */; };
		0390E26B29DA52A400FC686B /* PaymentsMethodsCardIssuerService.swift in Sources */ = {isa = PBXBuildFile; fileRef = 034DFA0329D8D6FD0046720F /* PaymentsMethodsCardIssuerService.swift */; };
		0390E26C29DA52A400FC686B /* PaymentsMethodsInstallmentsService.swift in Sources */ = {isa = PBXBuildFile; fileRef = 034DFA0929D8F2830046720F /* PaymentsMethodsInstallmentsService.swift */; };
		0390E26D29DA52A400FC686B /* PaymentsMethodsService.swift in Sources */ = {isa = PBXBuildFile; fileRef = 03093F3529D7379E00B4D28C /* PaymentsMethodsService.swift */; };
		0390E26E29DA52A700FC686B /* NetworkManager.swift in Sources */ = {isa = PBXBuildFile; fileRef = 03D6CFE629D7F21800E5735E /* NetworkManager.swift */; };
		0390E26F29DA52AA00FC686B /* PaymentsTableView.swift in Sources */ = {isa = PBXBuildFile; fileRef = 034DFA0729D8DAF50046720F /* PaymentsTableView.swift */; };
		0390E27029DA52AA00FC686B /* PaymentCardFlowView.swift in Sources */ = {isa = PBXBuildFile; fileRef = 034DF9FF29D8AD4B0046720F /* PaymentCardFlowView.swift */; };
		0390E27129DA52AA00FC686B /* PaymentsAmountTextField.swift in Sources */ = {isa = PBXBuildFile; fileRef = 03093F3C29D7A3D500B4D28C /* PaymentsAmountTextField.swift */; };
		0390E27229DA52AA00FC686B /* PaymentsButton.swift in Sources */ = {isa = PBXBuildFile; fileRef = 03093F3E29D7AE8F00B4D28C /* PaymentsButton.swift */; };
		0390E27329DA52AA00FC686B /* PaymentsLabel.swift in Sources */ = {isa = PBXBuildFile; fileRef = 03093F4429D7DD4C00B4D28C /* PaymentsLabel.swift */; };
		0390E27429DA52AE00FC686B /* Constants.swift in Sources */ = {isa = PBXBuildFile; fileRef = 03093F4029D7B6DF00B4D28C /* Constants.swift */; };
		0390E27529DA52B300FC686B /* InstallmentsSelectionPresenter.swift in Sources */ = {isa = PBXBuildFile; fileRef = 03093F3329D7375F00B4D28C /* InstallmentsSelectionPresenter.swift */; };
		0390E27629DA52B300FC686B /* ConfirmPaymentPresenter.swift in Sources */ = {isa = PBXBuildFile; fileRef = 034DFA1329D95E5A0046720F /* ConfirmPaymentPresenter.swift */; };
		0390E27729DA52B300FC686B /* BankSelectionPresenter.swift in Sources */ = {isa = PBXBuildFile; fileRef = 03093F3129D7374F00B4D28C /* BankSelectionPresenter.swift */; };
		0390E27829DA52B800FC686B /* BankSelectionViewController.swift in Sources */ = {isa = PBXBuildFile; fileRef = 03093F1F29D7302B00B4D28C /* BankSelectionViewController.swift */; };
		0390E27929DA52B800FC686B /* Strings+ MoneyFormatting.swift in Sources */ = {isa = PBXBuildFile; fileRef = 034DFA1529D965070046720F /* Strings+ MoneyFormatting.swift */; };
		0390E27A29DA52B800FC686B /* Strings.swift in Sources */ = {isa = PBXBuildFile; fileRef = 03B4C5D729DA45FD0067FC53 /* Strings.swift */; };
		0390E27B29DA52B800FC686B /* InstallmentsTableViewCell.swift in Sources */ = {isa = PBXBuildFile; fileRef = 034DFA0D29D919D30046720F /* InstallmentsTableViewCell.swift */; };
		0390E27C29DA52B800FC686B /* ConfirmPaymentViewController.swift in Sources */ = {isa = PBXBuildFile; fileRef = 034DFA1129D95D130046720F /* ConfirmPaymentViewController.swift */; };
		0390E27D29DA52B800FC686B /* BankTableViewCell.swift in Sources */ = {isa = PBXBuildFile; fileRef = 034DFA0B29D9018E0046720F /* BankTableViewCell.swift */; };
		0390E27E29DA52B800FC686B /* UIViewController+ViewSetupProtocol.swift in Sources */ = {isa = PBXBuildFile; fileRef = 03093F3829D7928300B4D28C /* UIViewController+ViewSetupProtocol.swift */; };
		0390E27F29DA52B800FC686B /* InstallmentsSelectionViewController.swift in Sources */ = {isa = PBXBuildFile; fileRef = 03093F2129D7303700B4D28C /* InstallmentsSelectionViewController.swift */; };
		0390E28029DA52BC00FC686B /* Installments.swift in Sources */ = {isa = PBXBuildFile; fileRef = 034DFA0F29D91D4C0046720F /* Installments.swift */; };
		0390E28129DA52BC00FC686B /* CardIssuer.swift in Sources */ = {isa = PBXBuildFile; fileRef = 034DFA0529D8D79A0046720F /* CardIssuer.swift */; };
		0390E28229DA52D000FC686B /* PlistHelper.swift in Sources */ = {isa = PBXBuildFile; fileRef = 03D6CFED29D7F55500E5735E /* PlistHelper.swift */; };
		03B4C5D829DA45FD0067FC53 /* Strings.swift in Sources */ = {isa = PBXBuildFile; fileRef = 03B4C5D729DA45FD0067FC53 /* Strings.swift */; };
		03D3CA3329DA7A83004EF458 /* APIEndpoint.swift in Sources */ = {isa = PBXBuildFile; fileRef = 03D3CA3229DA7A83004EF458 /* APIEndpoint.swift */; };
		03D6CFE729D7F21800E5735E /* NetworkManager.swift in Sources */ = {isa = PBXBuildFile; fileRef = 03D6CFE629D7F21800E5735E /* NetworkManager.swift */; };
		03D6CFEB29D7F42300E5735E /* Environment.plist in Resources */ = {isa = PBXBuildFile; fileRef = 03D6CFEA29D7F42300E5735E /* Environment.plist */; };
		03D6CFEE29D7F55500E5735E /* PlistHelper.swift in Sources */ = {isa = PBXBuildFile; fileRef = 03D6CFED29D7F55500E5735E /* PlistHelper.swift */; };
		03D6CFF229D86AA500E5735E /* PaymentMethodTableViewCell.swift in Sources */ = {isa = PBXBuildFile; fileRef = 03D6CFF129D86AA500E5735E /* PaymentMethodTableViewCell.swift */; };
		925246142D8241D0D37BE67A /* Pods_PaymentsTests.framework in Frameworks */ = {isa = PBXBuildFile; fileRef = BDFCBD552CF05A0A3674EE0E /* Pods_PaymentsTests.framework */; };
		D06BF77D3A780937A629BEC6 /* Pods_Payments_PaymentsUITests.framework in Frameworks */ = {isa = PBXBuildFile; fileRef = 8CC82D6D7240C50F4A2DAD40 /* Pods_Payments_PaymentsUITests.framework */; };
		E5946DC213520FDFFDB684AC /* Pods_Payments.framework in Frameworks */ = {isa = PBXBuildFile; fileRef = A2AF2DA1EA5EDBF1E279830E /* Pods_Payments.framework */; };
/* End PBXBuildFile section */

/* Begin PBXContainerItemProxy section */
		03093EFA29D7125600B4D28C /* PBXContainerItemProxy */ = {
			isa = PBXContainerItemProxy;
			containerPortal = 03093EDB29D7125500B4D28C /* Project object */;
			proxyType = 1;
			remoteGlobalIDString = 03093EE229D7125600B4D28C;
			remoteInfo = Payments;
		};
		03093F0429D7125600B4D28C /* PBXContainerItemProxy */ = {
			isa = PBXContainerItemProxy;
			containerPortal = 03093EDB29D7125500B4D28C /* Project object */;
			proxyType = 1;
			remoteGlobalIDString = 03093EE229D7125600B4D28C;
			remoteInfo = Payments;
		};
/* End PBXContainerItemProxy section */

/* Begin PBXFileReference section */
		03093EE329D7125600B4D28C /* Payments.app */ = {isa = PBXFileReference; explicitFileType = wrapper.application; includeInIndex = 0; path = Payments.app; sourceTree = BUILT_PRODUCTS_DIR; };
		03093EE629D7125600B4D28C /* AppDelegate.swift */ = {isa = PBXFileReference; lastKnownFileType = sourcecode.swift; path = AppDelegate.swift; sourceTree = "<group>"; };
		03093EE829D7125600B4D28C /* SceneDelegate.swift */ = {isa = PBXFileReference; lastKnownFileType = sourcecode.swift; path = SceneDelegate.swift; sourceTree = "<group>"; };
		03093EEA29D7125600B4D28C /* AmountEntryViewController.swift */ = {isa = PBXFileReference; lastKnownFileType = sourcecode.swift; path = AmountEntryViewController.swift; sourceTree = "<group>"; };
		03093EF229D7125600B4D28C /* Base */ = {isa = PBXFileReference; lastKnownFileType = file.storyboard; name = Base; path = Base.lproj/LaunchScreen.storyboard; sourceTree = "<group>"; };
		03093EF429D7125600B4D28C /* Info.plist */ = {isa = PBXFileReference; lastKnownFileType = text.plist.xml; path = Info.plist; sourceTree = "<group>"; };
		03093EF929D7125600B4D28C /* PaymentsTests.xctest */ = {isa = PBXFileReference; explicitFileType = wrapper.cfbundle; includeInIndex = 0; path = PaymentsTests.xctest; sourceTree = BUILT_PRODUCTS_DIR; };
		03093EFD29D7125600B4D28C /* PaymentsTests.swift */ = {isa = PBXFileReference; lastKnownFileType = sourcecode.swift; path = PaymentsTests.swift; sourceTree = "<group>"; };
		03093F0329D7125600B4D28C /* PaymentsUITests.xctest */ = {isa = PBXFileReference; explicitFileType = wrapper.cfbundle; includeInIndex = 0; path = PaymentsUITests.xctest; sourceTree = BUILT_PRODUCTS_DIR; };
		03093F0729D7125600B4D28C /* PaymentsUITests.swift */ = {isa = PBXFileReference; lastKnownFileType = sourcecode.swift; path = PaymentsUITests.swift; sourceTree = "<group>"; };
		03093F0929D7125600B4D28C /* PaymentsUITestsLaunchTests.swift */ = {isa = PBXFileReference; lastKnownFileType = sourcecode.swift; path = PaymentsUITestsLaunchTests.swift; sourceTree = "<group>"; };
		03093F1D29D7301F00B4D28C /* PaymentTypeViewController.swift */ = {isa = PBXFileReference; lastKnownFileType = sourcecode.swift; path = PaymentTypeViewController.swift; sourceTree = "<group>"; };
		03093F1F29D7302B00B4D28C /* BankSelectionViewController.swift */ = {isa = PBXFileReference; lastKnownFileType = sourcecode.swift; path = BankSelectionViewController.swift; sourceTree = "<group>"; };
		03093F2129D7303700B4D28C /* InstallmentsSelectionViewController.swift */ = {isa = PBXFileReference; lastKnownFileType = sourcecode.swift; path = InstallmentsSelectionViewController.swift; sourceTree = "<group>"; };
		03093F2329D7337500B4D28C /* PaymentMethod.swift */ = {isa = PBXFileReference; lastKnownFileType = sourcecode.swift; path = PaymentMethod.swift; sourceTree = "<group>"; };
		03093F2D29D7373400B4D28C /* AmountEntryPresenter.swift */ = {isa = PBXFileReference; lastKnownFileType = sourcecode.swift; path = AmountEntryPresenter.swift; sourceTree = "<group>"; };
		03093F2F29D7374600B4D28C /* PaymentTypePresenter.swift */ = {isa = PBXFileReference; lastKnownFileType = sourcecode.swift; path = PaymentTypePresenter.swift; sourceTree = "<group>"; };
		03093F3129D7374F00B4D28C /* BankSelectionPresenter.swift */ = {isa = PBXFileReference; lastKnownFileType = sourcecode.swift; path = BankSelectionPresenter.swift; sourceTree = "<group>"; };
		03093F3329D7375F00B4D28C /* InstallmentsSelectionPresenter.swift */ = {isa = PBXFileReference; lastKnownFileType = sourcecode.swift; path = InstallmentsSelectionPresenter.swift; sourceTree = "<group>"; };
		03093F3529D7379E00B4D28C /* PaymentsMethodsService.swift */ = {isa = PBXFileReference; lastKnownFileType = sourcecode.swift; path = PaymentsMethodsService.swift; sourceTree = "<group>"; };
		03093F3829D7928300B4D28C /* UIViewController+ViewSetupProtocol.swift */ = {isa = PBXFileReference; lastKnownFileType = sourcecode.swift; path = "UIViewController+ViewSetupProtocol.swift"; sourceTree = "<group>"; };
		03093F3C29D7A3D500B4D28C /* PaymentsAmountTextField.swift */ = {isa = PBXFileReference; lastKnownFileType = sourcecode.swift; path = PaymentsAmountTextField.swift; sourceTree = "<group>"; };
		03093F3E29D7AE8F00B4D28C /* PaymentsButton.swift */ = {isa = PBXFileReference; lastKnownFileType = sourcecode.swift; path = PaymentsButton.swift; sourceTree = "<group>"; };
		03093F4029D7B6DF00B4D28C /* Constants.swift */ = {isa = PBXFileReference; lastKnownFileType = sourcecode.swift; path = Constants.swift; sourceTree = "<group>"; };
		03093F4429D7DD4C00B4D28C /* PaymentsLabel.swift */ = {isa = PBXFileReference; lastKnownFileType = sourcecode.swift; path = PaymentsLabel.swift; sourceTree = "<group>"; };
		033DBE2B29DA60BC00F758C2 /* AmountEntryViewControllerTests.swift */ = {isa = PBXFileReference; lastKnownFileType = sourcecode.swift; path = AmountEntryViewControllerTests.swift; sourceTree = "<group>"; };
		033DBE2D29DA6E9300F758C2 /* Assets.xcassets */ = {isa = PBXFileReference; lastKnownFileType = folder.assetcatalog; name = Assets.xcassets; path = ../../../../../Desktop/p/Assets.xcassets; sourceTree = "<group>"; };
		034DF9FF29D8AD4B0046720F /* PaymentCardFlowView.swift */ = {isa = PBXFileReference; lastKnownFileType = sourcecode.swift; path = PaymentCardFlowView.swift; sourceTree = "<group>"; };
		034DFA0129D8AECA0046720F /* UserSelection.swift */ = {isa = PBXFileReference; lastKnownFileType = sourcecode.swift; path = UserSelection.swift; sourceTree = "<group>"; };
		034DFA0329D8D6FD0046720F /* PaymentsMethodsCardIssuerService.swift */ = {isa = PBXFileReference; lastKnownFileType = sourcecode.swift; path = PaymentsMethodsCardIssuerService.swift; sourceTree = "<group>"; };
		034DFA0529D8D79A0046720F /* CardIssuer.swift */ = {isa = PBXFileReference; lastKnownFileType = sourcecode.swift; path = CardIssuer.swift; sourceTree = "<group>"; };
		034DFA0729D8DAF50046720F /* PaymentsTableView.swift */ = {isa = PBXFileReference; lastKnownFileType = sourcecode.swift; path = PaymentsTableView.swift; sourceTree = "<group>"; };
		034DFA0929D8F2830046720F /* PaymentsMethodsInstallmentsService.swift */ = {isa = PBXFileReference; lastKnownFileType = sourcecode.swift; path = PaymentsMethodsInstallmentsService.swift; sourceTree = "<group>"; };
		034DFA0B29D9018E0046720F /* BankTableViewCell.swift */ = {isa = PBXFileReference; lastKnownFileType = sourcecode.swift; path = BankTableViewCell.swift; sourceTree = "<group>"; };
		034DFA0D29D919D30046720F /* InstallmentsTableViewCell.swift */ = {isa = PBXFileReference; lastKnownFileType = sourcecode.swift; path = InstallmentsTableViewCell.swift; sourceTree = "<group>"; };
		034DFA0F29D91D4C0046720F /* Installments.swift */ = {isa = PBXFileReference; lastKnownFileType = sourcecode.swift; path = Installments.swift; sourceTree = "<group>"; };
		034DFA1129D95D130046720F /* ConfirmPaymentViewController.swift */ = {isa = PBXFileReference; lastKnownFileType = sourcecode.swift; path = ConfirmPaymentViewController.swift; sourceTree = "<group>"; };
		034DFA1329D95E5A0046720F /* ConfirmPaymentPresenter.swift */ = {isa = PBXFileReference; lastKnownFileType = sourcecode.swift; path = ConfirmPaymentPresenter.swift; sourceTree = "<group>"; };
		034DFA1529D965070046720F /* Strings+ MoneyFormatting.swift */ = {isa = PBXFileReference; lastKnownFileType = sourcecode.swift; path = "Strings+ MoneyFormatting.swift"; sourceTree = "<group>"; };
		0390E25829DA4BFA00FC686B /* AmountEntryPresenterTests.swift */ = {isa = PBXFileReference; lastKnownFileType = sourcecode.swift; path = AmountEntryPresenterTests.swift; sourceTree = "<group>"; };
		03B4C5D729DA45FD0067FC53 /* Strings.swift */ = {isa = PBXFileReference; lastKnownFileType = sourcecode.swift; path = Strings.swift; sourceTree = "<group>"; };
		03D3CA3229DA7A83004EF458 /* APIEndpoint.swift */ = {isa = PBXFileReference; lastKnownFileType = sourcecode.swift; path = APIEndpoint.swift; sourceTree = "<group>"; };
		03D6CFE629D7F21800E5735E /* NetworkManager.swift */ = {isa = PBXFileReference; lastKnownFileType = sourcecode.swift; path = NetworkManager.swift; sourceTree = "<group>"; };
		03D6CFEA29D7F42300E5735E /* Environment.plist */ = {isa = PBXFileReference; lastKnownFileType = text.plist.xml; path = Environment.plist; sourceTree = "<group>"; };
		03D6CFED29D7F55500E5735E /* PlistHelper.swift */ = {isa = PBXFileReference; lastKnownFileType = sourcecode.swift; path = PlistHelper.swift; sourceTree = "<group>"; };
		03D6CFF129D86AA500E5735E /* PaymentMethodTableViewCell.swift */ = {isa = PBXFileReference; lastKnownFileType = sourcecode.swift; path = PaymentMethodTableViewCell.swift; sourceTree = "<group>"; };
		8CC82D6D7240C50F4A2DAD40 /* Pods_Payments_PaymentsUITests.framework */ = {isa = PBXFileReference; explicitFileType = wrapper.framework; includeInIndex = 0; path = Pods_Payments_PaymentsUITests.framework; sourceTree = BUILT_PRODUCTS_DIR; };
		A2AF2DA1EA5EDBF1E279830E /* Pods_Payments.framework */ = {isa = PBXFileReference; explicitFileType = wrapper.framework; includeInIndex = 0; path = Pods_Payments.framework; sourceTree = BUILT_PRODUCTS_DIR; };
		B164C5917AFB59923D20B706 /* Pods-PaymentsTests.debug.xcconfig */ = {isa = PBXFileReference; includeInIndex = 1; lastKnownFileType = text.xcconfig; name = "Pods-PaymentsTests.debug.xcconfig"; path = "Target Support Files/Pods-PaymentsTests/Pods-PaymentsTests.debug.xcconfig"; sourceTree = "<group>"; };
		BB0AF5D0C6A492AEBCFC63B8 /* Pods-Payments-PaymentsUITests.debug.xcconfig */ = {isa = PBXFileReference; includeInIndex = 1; lastKnownFileType = text.xcconfig; name = "Pods-Payments-PaymentsUITests.debug.xcconfig"; path = "Target Support Files/Pods-Payments-PaymentsUITests/Pods-Payments-PaymentsUITests.debug.xcconfig"; sourceTree = "<group>"; };
		BDFCBD552CF05A0A3674EE0E /* Pods_PaymentsTests.framework */ = {isa = PBXFileReference; explicitFileType = wrapper.framework; includeInIndex = 0; path = Pods_PaymentsTests.framework; sourceTree = BUILT_PRODUCTS_DIR; };
		BF04CCF6A46EC5E30CC6917C /* Pods-Payments.debug.xcconfig */ = {isa = PBXFileReference; includeInIndex = 1; lastKnownFileType = text.xcconfig; name = "Pods-Payments.debug.xcconfig"; path = "Target Support Files/Pods-Payments/Pods-Payments.debug.xcconfig"; sourceTree = "<group>"; };
		C746CA422E89C9B8BB2A744E /* Pods-PaymentsTests.release.xcconfig */ = {isa = PBXFileReference; includeInIndex = 1; lastKnownFileType = text.xcconfig; name = "Pods-PaymentsTests.release.xcconfig"; path = "Target Support Files/Pods-PaymentsTests/Pods-PaymentsTests.release.xcconfig"; sourceTree = "<group>"; };
		CDEC1B0AD924255A8E6C6098 /* Pods-Payments.release.xcconfig */ = {isa = PBXFileReference; includeInIndex = 1; lastKnownFileType = text.xcconfig; name = "Pods-Payments.release.xcconfig"; path = "Target Support Files/Pods-Payments/Pods-Payments.release.xcconfig"; sourceTree = "<group>"; };
		D738FEA734591957A654EF49 /* Pods-Payments-PaymentsUITests.release.xcconfig */ = {isa = PBXFileReference; includeInIndex = 1; lastKnownFileType = text.xcconfig; name = "Pods-Payments-PaymentsUITests.release.xcconfig"; path = "Target Support Files/Pods-Payments-PaymentsUITests/Pods-Payments-PaymentsUITests.release.xcconfig"; sourceTree = "<group>"; };
/* End PBXFileReference section */

/* Begin PBXFrameworksBuildPhase section */
		03093EE029D7125600B4D28C /* Frameworks */ = {
			isa = PBXFrameworksBuildPhase;
			buildActionMask = 2147483647;
			files = (
				E5946DC213520FDFFDB684AC /* Pods_Payments.framework in Frameworks */,
			);
			runOnlyForDeploymentPostprocessing = 0;
		};
		03093EF629D7125600B4D28C /* Frameworks */ = {
			isa = PBXFrameworksBuildPhase;
			buildActionMask = 2147483647;
			files = (
				925246142D8241D0D37BE67A /* Pods_PaymentsTests.framework in Frameworks */,
			);
			runOnlyForDeploymentPostprocessing = 0;
		};
		03093F0029D7125600B4D28C /* Frameworks */ = {
			isa = PBXFrameworksBuildPhase;
			buildActionMask = 2147483647;
			files = (
				D06BF77D3A780937A629BEC6 /* Pods_Payments_PaymentsUITests.framework in Frameworks */,
			);
			runOnlyForDeploymentPostprocessing = 0;
		};
/* End PBXFrameworksBuildPhase section */

/* Begin PBXGroup section */
		03093EDA29D7125500B4D28C = {
			isa = PBXGroup;
			children = (
				03093EE529D7125600B4D28C /* Payments */,
				03093EFC29D7125600B4D28C /* PaymentsTests */,
				03093F0629D7125600B4D28C /* PaymentsUITests */,
				03093EE429D7125600B4D28C /* Products */,
				2F60788AD1E21FB95D682DE7 /* Pods */,
				1EAC1ABA5DA29962E0509709 /* Frameworks */,
			);
			sourceTree = "<group>";
		};
		03093EE429D7125600B4D28C /* Products */ = {
			isa = PBXGroup;
			children = (
				03093EE329D7125600B4D28C /* Payments.app */,
				03093EF929D7125600B4D28C /* PaymentsTests.xctest */,
				03093F0329D7125600B4D28C /* PaymentsUITests.xctest */,
			);
			name = Products;
			sourceTree = "<group>";
		};
		03093EE529D7125600B4D28C /* Payments */ = {
			isa = PBXGroup;
			children = (
				03093F1629D714A700B4D28C /* Model */,
				03093F1A29D714C400B4D28C /* View */,
				03093F1929D714BF00B4D28C /* Presenter */,
				03093F1729D714AD00B4D28C /* Constants */,
				03093F3B29D7A3A800B4D28C /* UI */,
				03D6CFE529D7F20000E5735E /* Network */,
				03093F1829D714B700B4D28C /* Services */,
				03D6CFEC29D7F53F00E5735E /* Helper */,
				03093F1B29D7155800B4D28C /* Supporting Files */,
				03093F1C29D71A0E00B4D28C /* Base */,
				03093EE629D7125600B4D28C /* AppDelegate.swift */,
				03093EE829D7125600B4D28C /* SceneDelegate.swift */,
				033DBE2D29DA6E9300F758C2 /* Assets.xcassets */,
			);
			path = Payments;
			sourceTree = "<group>";
		};
		03093EFC29D7125600B4D28C /* PaymentsTests */ = {
			isa = PBXGroup;
			children = (
				03093EFD29D7125600B4D28C /* PaymentsTests.swift */,
				033DBE2B29DA60BC00F758C2 /* AmountEntryViewControllerTests.swift */,
				0390E25829DA4BFA00FC686B /* AmountEntryPresenterTests.swift */,
			);
			path = PaymentsTests;
			sourceTree = "<group>";
		};
		03093F0629D7125600B4D28C /* PaymentsUITests */ = {
			isa = PBXGroup;
			children = (
				03093F0729D7125600B4D28C /* PaymentsUITests.swift */,
				03093F0929D7125600B4D28C /* PaymentsUITestsLaunchTests.swift */,
			);
			path = PaymentsUITests;
			sourceTree = "<group>";
		};
		03093F1629D714A700B4D28C /* Model */ = {
			isa = PBXGroup;
			children = (
				03093F2329D7337500B4D28C /* PaymentMethod.swift */,
				034DFA0529D8D79A0046720F /* CardIssuer.swift */,
				034DFA0F29D91D4C0046720F /* Installments.swift */,
				034DFA0129D8AECA0046720F /* UserSelection.swift */,
			);
			path = Model;
			sourceTree = "<group>";
		};
		03093F1729D714AD00B4D28C /* Constants */ = {
			isa = PBXGroup;
			children = (
				03093F4029D7B6DF00B4D28C /* Constants.swift */,
			);
			path = Constants;
			sourceTree = "<group>";
		};
		03093F1829D714B700B4D28C /* Services */ = {
			isa = PBXGroup;
			children = (
				03093F3529D7379E00B4D28C /* PaymentsMethodsService.swift */,
				034DFA0329D8D6FD0046720F /* PaymentsMethodsCardIssuerService.swift */,
				034DFA0929D8F2830046720F /* PaymentsMethodsInstallmentsService.swift */,
			);
			path = Services;
			sourceTree = "<group>";
		};
		03093F1929D714BF00B4D28C /* Presenter */ = {
			isa = PBXGroup;
			children = (
				03093F2D29D7373400B4D28C /* AmountEntryPresenter.swift */,
				03093F2F29D7374600B4D28C /* PaymentTypePresenter.swift */,
				03093F3129D7374F00B4D28C /* BankSelectionPresenter.swift */,
				03093F3329D7375F00B4D28C /* InstallmentsSelectionPresenter.swift */,
				034DFA1329D95E5A0046720F /* ConfirmPaymentPresenter.swift */,
			);
			path = Presenter;
			sourceTree = "<group>";
		};
		03093F1A29D714C400B4D28C /* View */ = {
			isa = PBXGroup;
			children = (
				03093F3729D7926600B4D28C /* Extensions */,
				03093EEA29D7125600B4D28C /* AmountEntryViewController.swift */,
				03093F1D29D7301F00B4D28C /* PaymentTypeViewController.swift */,
				03D6CFF129D86AA500E5735E /* PaymentMethodTableViewCell.swift */,
				03093F1F29D7302B00B4D28C /* BankSelectionViewController.swift */,
				034DFA0B29D9018E0046720F /* BankTableViewCell.swift */,
				03093F2129D7303700B4D28C /* InstallmentsSelectionViewController.swift */,
				034DFA0D29D919D30046720F /* InstallmentsTableViewCell.swift */,
				034DFA1129D95D130046720F /* ConfirmPaymentViewController.swift */,
			);
			path = View;
			sourceTree = "<group>";
		};
		03093F1B29D7155800B4D28C /* Supporting Files */ = {
			isa = PBXGroup;
			children = (
				03093EF429D7125600B4D28C /* Info.plist */,
				03D6CFEA29D7F42300E5735E /* Environment.plist */,
			);
			path = "Supporting Files";
			sourceTree = "<group>";
		};
		03093F1C29D71A0E00B4D28C /* Base */ = {
			isa = PBXGroup;
			children = (
				03093EF129D7125600B4D28C /* LaunchScreen.storyboard */,
			);
			path = Base;
			sourceTree = "<group>";
		};
		03093F3729D7926600B4D28C /* Extensions */ = {
			isa = PBXGroup;
			children = (
				03093F3829D7928300B4D28C /* UIViewController+ViewSetupProtocol.swift */,
				034DFA1529D965070046720F /* Strings+ MoneyFormatting.swift */,
				03B4C5D729DA45FD0067FC53 /* Strings.swift */,
			);
			path = Extensions;
			sourceTree = "<group>";
		};
		03093F3B29D7A3A800B4D28C /* UI */ = {
			isa = PBXGroup;
			children = (
				03093F3C29D7A3D500B4D28C /* PaymentsAmountTextField.swift */,
				03093F3E29D7AE8F00B4D28C /* PaymentsButton.swift */,
				03093F4429D7DD4C00B4D28C /* PaymentsLabel.swift */,
				034DFA0729D8DAF50046720F /* PaymentsTableView.swift */,
				034DF9FF29D8AD4B0046720F /* PaymentCardFlowView.swift */,
			);
			path = UI;
			sourceTree = "<group>";
		};
		03D6CFE529D7F20000E5735E /* Network */ = {
			isa = PBXGroup;
			children = (
				03D3CA3229DA7A83004EF458 /* APIEndpoint.swift */,
				03D6CFE629D7F21800E5735E /* NetworkManager.swift */,
			);
			path = Network;
			sourceTree = "<group>";
		};
		03D6CFEC29D7F53F00E5735E /* Helper */ = {
			isa = PBXGroup;
			children = (
				03D6CFED29D7F55500E5735E /* PlistHelper.swift */,
			);
			path = Helper;
			sourceTree = "<group>";
		};
		1EAC1ABA5DA29962E0509709 /* Frameworks */ = {
			isa = PBXGroup;
			children = (
				A2AF2DA1EA5EDBF1E279830E /* Pods_Payments.framework */,
				8CC82D6D7240C50F4A2DAD40 /* Pods_Payments_PaymentsUITests.framework */,
				BDFCBD552CF05A0A3674EE0E /* Pods_PaymentsTests.framework */,
			);
			name = Frameworks;
			sourceTree = "<group>";
		};
		2F60788AD1E21FB95D682DE7 /* Pods */ = {
			isa = PBXGroup;
			children = (
				BF04CCF6A46EC5E30CC6917C /* Pods-Payments.debug.xcconfig */,
				CDEC1B0AD924255A8E6C6098 /* Pods-Payments.release.xcconfig */,
				BB0AF5D0C6A492AEBCFC63B8 /* Pods-Payments-PaymentsUITests.debug.xcconfig */,
				D738FEA734591957A654EF49 /* Pods-Payments-PaymentsUITests.release.xcconfig */,
				B164C5917AFB59923D20B706 /* Pods-PaymentsTests.debug.xcconfig */,
				C746CA422E89C9B8BB2A744E /* Pods-PaymentsTests.release.xcconfig */,
			);
			path = Pods;
			sourceTree = "<group>";
		};
/* End PBXGroup section */

/* Begin PBXNativeTarget section */
		03093EE229D7125600B4D28C /* Payments */ = {
			isa = PBXNativeTarget;
			buildConfigurationList = 03093F0D29D7125600B4D28C /* Build configuration list for PBXNativeTarget "Payments" */;
			buildPhases = (
				FD80944CA6413B094F5DFF4B /* [CP] Check Pods Manifest.lock */,
				03093EDF29D7125600B4D28C /* Sources */,
				03093EE029D7125600B4D28C /* Frameworks */,
				03093EE129D7125600B4D28C /* Resources */,
				B26438F1A4587C5A3D288F65 /* [CP] Embed Pods Frameworks */,
			);
			buildRules = (
			);
			dependencies = (
			);
			name = Payments;
			productName = Payments;
			productReference = 03093EE329D7125600B4D28C /* Payments.app */;
			productType = "com.apple.product-type.application";
		};
		03093EF829D7125600B4D28C /* PaymentsTests */ = {
			isa = PBXNativeTarget;
			buildConfigurationList = 03093F1029D7125600B4D28C /* Build configuration list for PBXNativeTarget "PaymentsTests" */;
			buildPhases = (
				5B60D397B395E8D03C892148 /* [CP] Check Pods Manifest.lock */,
				03093EF529D7125600B4D28C /* Sources */,
				03093EF629D7125600B4D28C /* Frameworks */,
				03093EF729D7125600B4D28C /* Resources */,
			);
			buildRules = (
			);
			dependencies = (
				03093EFB29D7125600B4D28C /* PBXTargetDependency */,
			);
			name = PaymentsTests;
			productName = PaymentsTests;
			productReference = 03093EF929D7125600B4D28C /* PaymentsTests.xctest */;
			productType = "com.apple.product-type.bundle.unit-test";
		};
		03093F0229D7125600B4D28C /* PaymentsUITests */ = {
			isa = PBXNativeTarget;
			buildConfigurationList = 03093F1329D7125600B4D28C /* Build configuration list for PBXNativeTarget "PaymentsUITests" */;
			buildPhases = (
				696C9715AF9ECEFA21DC696B /* [CP] Check Pods Manifest.lock */,
				03093EFF29D7125600B4D28C /* Sources */,
				03093F0029D7125600B4D28C /* Frameworks */,
				03093F0129D7125600B4D28C /* Resources */,
				55B8535AAAD8886294D651C1 /* [CP] Embed Pods Frameworks */,
			);
			buildRules = (
			);
			dependencies = (
				03093F0529D7125600B4D28C /* PBXTargetDependency */,
			);
			name = PaymentsUITests;
			productName = PaymentsUITests;
			productReference = 03093F0329D7125600B4D28C /* PaymentsUITests.xctest */;
			productType = "com.apple.product-type.bundle.ui-testing";
		};
/* End PBXNativeTarget section */

/* Begin PBXProject section */
		03093EDB29D7125500B4D28C /* Project object */ = {
			isa = PBXProject;
			attributes = {
				BuildIndependentTargetsInParallel = 1;
				LastSwiftUpdateCheck = 1420;
				LastUpgradeCheck = 1420;
				TargetAttributes = {
					03093EE229D7125600B4D28C = {
						CreatedOnToolsVersion = 14.2;
					};
					03093EF829D7125600B4D28C = {
						CreatedOnToolsVersion = 14.2;
						TestTargetID = 03093EE229D7125600B4D28C;
					};
					03093F0229D7125600B4D28C = {
						CreatedOnToolsVersion = 14.2;
						TestTargetID = 03093EE229D7125600B4D28C;
					};
				};
			};
			buildConfigurationList = 03093EDE29D7125500B4D28C /* Build configuration list for PBXProject "Payments" */;
			compatibilityVersion = "Xcode 14.0";
			developmentRegion = en;
			hasScannedForEncodings = 0;
			knownRegions = (
				en,
				Base,
			);
			mainGroup = 03093EDA29D7125500B4D28C;
			productRefGroup = 03093EE429D7125600B4D28C /* Products */;
			projectDirPath = "";
			projectRoot = "";
			targets = (
				03093EE229D7125600B4D28C /* Payments */,
				03093EF829D7125600B4D28C /* PaymentsTests */,
				03093F0229D7125600B4D28C /* PaymentsUITests */,
			);
		};
/* End PBXProject section */

/* Begin PBXResourcesBuildPhase section */
		03093EE129D7125600B4D28C /* Resources */ = {
			isa = PBXResourcesBuildPhase;
			buildActionMask = 2147483647;
			files = (
				03093EF329D7125600B4D28C /* LaunchScreen.storyboard in Resources */,
				03D6CFEB29D7F42300E5735E /* Environment.plist in Resources */,
				033DBE2E29DA6E9300F758C2 /* Assets.xcassets in Resources */,
			);
			runOnlyForDeploymentPostprocessing = 0;
		};
		03093EF729D7125600B4D28C /* Resources */ = {
			isa = PBXResourcesBuildPhase;
			buildActionMask = 2147483647;
			files = (
				0390E26829DA529E00FC686B /* Environment.plist in Resources */,
			);
			runOnlyForDeploymentPostprocessing = 0;
		};
		03093F0129D7125600B4D28C /* Resources */ = {
			isa = PBXResourcesBuildPhase;
			buildActionMask = 2147483647;
			files = (
			);
			runOnlyForDeploymentPostprocessing = 0;
		};
/* End PBXResourcesBuildPhase section */

/* Begin PBXShellScriptBuildPhase section */
		55B8535AAAD8886294D651C1 /* [CP] Embed Pods Frameworks */ = {
			isa = PBXShellScriptBuildPhase;
			buildActionMask = 2147483647;
			files = (
			);
			inputFileListPaths = (
				"${PODS_ROOT}/Target Support Files/Pods-Payments-PaymentsUITests/Pods-Payments-PaymentsUITests-frameworks-${CONFIGURATION}-input-files.xcfilelist",
			);
			name = "[CP] Embed Pods Frameworks";
			outputFileListPaths = (
				"${PODS_ROOT}/Target Support Files/Pods-Payments-PaymentsUITests/Pods-Payments-PaymentsUITests-frameworks-${CONFIGURATION}-output-files.xcfilelist",
			);
			runOnlyForDeploymentPostprocessing = 0;
			shellPath = /bin/sh;
			shellScript = "\"${PODS_ROOT}/Target Support Files/Pods-Payments-PaymentsUITests/Pods-Payments-PaymentsUITests-frameworks.sh\"\n";
			showEnvVarsInLog = 0;
		};
		5B60D397B395E8D03C892148 /* [CP] Check Pods Manifest.lock */ = {
			isa = PBXShellScriptBuildPhase;
			buildActionMask = 2147483647;
			files = (
			);
			inputFileListPaths = (
			);
			inputPaths = (
				"${PODS_PODFILE_DIR_PATH}/Podfile.lock",
				"${PODS_ROOT}/Manifest.lock",
			);
			name = "[CP] Check Pods Manifest.lock";
			outputFileListPaths = (
			);
			outputPaths = (
				"$(DERIVED_FILE_DIR)/Pods-PaymentsTests-checkManifestLockResult.txt",
			);
			runOnlyForDeploymentPostprocessing = 0;
			shellPath = /bin/sh;
			shellScript = "diff \"${PODS_PODFILE_DIR_PATH}/Podfile.lock\" \"${PODS_ROOT}/Manifest.lock\" > /dev/null\nif [ $? != 0 ] ; then\n    # print error to STDERR\n    echo \"error: The sandbox is not in sync with the Podfile.lock. Run 'pod install' or update your CocoaPods installation.\" >&2\n    exit 1\nfi\n# This output is used by Xcode 'outputs' to avoid re-running this script phase.\necho \"SUCCESS\" > \"${SCRIPT_OUTPUT_FILE_0}\"\n";
			showEnvVarsInLog = 0;
		};
		696C9715AF9ECEFA21DC696B /* [CP] Check Pods Manifest.lock */ = {
			isa = PBXShellScriptBuildPhase;
			buildActionMask = 2147483647;
			files = (
			);
			inputFileListPaths = (
			);
			inputPaths = (
				"${PODS_PODFILE_DIR_PATH}/Podfile.lock",
				"${PODS_ROOT}/Manifest.lock",
			);
			name = "[CP] Check Pods Manifest.lock";
			outputFileListPaths = (
			);
			outputPaths = (
				"$(DERIVED_FILE_DIR)/Pods-Payments-PaymentsUITests-checkManifestLockResult.txt",
			);
			runOnlyForDeploymentPostprocessing = 0;
			shellPath = /bin/sh;
			shellScript = "diff \"${PODS_PODFILE_DIR_PATH}/Podfile.lock\" \"${PODS_ROOT}/Manifest.lock\" > /dev/null\nif [ $? != 0 ] ; then\n    # print error to STDERR\n    echo \"error: The sandbox is not in sync with the Podfile.lock. Run 'pod install' or update your CocoaPods installation.\" >&2\n    exit 1\nfi\n# This output is used by Xcode 'outputs' to avoid re-running this script phase.\necho \"SUCCESS\" > \"${SCRIPT_OUTPUT_FILE_0}\"\n";
			showEnvVarsInLog = 0;
		};
		B26438F1A4587C5A3D288F65 /* [CP] Embed Pods Frameworks */ = {
			isa = PBXShellScriptBuildPhase;
			buildActionMask = 2147483647;
			files = (
			);
			inputFileListPaths = (
				"${PODS_ROOT}/Target Support Files/Pods-Payments/Pods-Payments-frameworks-${CONFIGURATION}-input-files.xcfilelist",
			);
			name = "[CP] Embed Pods Frameworks";
			outputFileListPaths = (
				"${PODS_ROOT}/Target Support Files/Pods-Payments/Pods-Payments-frameworks-${CONFIGURATION}-output-files.xcfilelist",
			);
			runOnlyForDeploymentPostprocessing = 0;
			shellPath = /bin/sh;
			shellScript = "\"${PODS_ROOT}/Target Support Files/Pods-Payments/Pods-Payments-frameworks.sh\"\n";
			showEnvVarsInLog = 0;
		};
		FD80944CA6413B094F5DFF4B /* [CP] Check Pods Manifest.lock */ = {
			isa = PBXShellScriptBuildPhase;
			buildActionMask = 2147483647;
			files = (
			);
			inputFileListPaths = (
			);
			inputPaths = (
				"${PODS_PODFILE_DIR_PATH}/Podfile.lock",
				"${PODS_ROOT}/Manifest.lock",
			);
			name = "[CP] Check Pods Manifest.lock";
			outputFileListPaths = (
			);
			outputPaths = (
				"$(DERIVED_FILE_DIR)/Pods-Payments-checkManifestLockResult.txt",
			);
			runOnlyForDeploymentPostprocessing = 0;
			shellPath = /bin/sh;
			shellScript = "diff \"${PODS_PODFILE_DIR_PATH}/Podfile.lock\" \"${PODS_ROOT}/Manifest.lock\" > /dev/null\nif [ $? != 0 ] ; then\n    # print error to STDERR\n    echo \"error: The sandbox is not in sync with the Podfile.lock. Run 'pod install' or update your CocoaPods installation.\" >&2\n    exit 1\nfi\n# This output is used by Xcode 'outputs' to avoid re-running this script phase.\necho \"SUCCESS\" > \"${SCRIPT_OUTPUT_FILE_0}\"\n";
			showEnvVarsInLog = 0;
		};
/* End PBXShellScriptBuildPhase section */

/* Begin PBXSourcesBuildPhase section */
		03093EDF29D7125600B4D28C /* Sources */ = {
			isa = PBXSourcesBuildPhase;
			buildActionMask = 2147483647;
			files = (
				034DFA0629D8D79A0046720F /* CardIssuer.swift in Sources */,
				03B4C5D829DA45FD0067FC53 /* Strings.swift in Sources */,
				03093EEB29D7125600B4D28C /* AmountEntryViewController.swift in Sources */,
				03093F2029D7302B00B4D28C /* BankSelectionViewController.swift in Sources */,
				03D6CFF229D86AA500E5735E /* PaymentMethodTableViewCell.swift in Sources */,
				034DFA0029D8AD4B0046720F /* PaymentCardFlowView.swift in Sources */,
				034DFA1429D95E5A0046720F /* ConfirmPaymentPresenter.swift in Sources */,
				03093F3929D7928300B4D28C /* UIViewController+ViewSetupProtocol.swift in Sources */,
				034DFA1229D95D130046720F /* ConfirmPaymentViewController.swift in Sources */,
				03D6CFE729D7F21800E5735E /* NetworkManager.swift in Sources */,
				034DFA0E29D919D30046720F /* InstallmentsTableViewCell.swift in Sources */,
				03093F3229D7374F00B4D28C /* BankSelectionPresenter.swift in Sources */,
				03093F1E29D7301F00B4D28C /* PaymentTypeViewController.swift in Sources */,
				03093F3F29D7AE8F00B4D28C /* PaymentsButton.swift in Sources */,
				034DFA1029D91D4C0046720F /* Installments.swift in Sources */,
				03093F2429D7337500B4D28C /* PaymentMethod.swift in Sources */,
				03093F3D29D7A3D500B4D28C /* PaymentsAmountTextField.swift in Sources */,
				03093F3429D7375F00B4D28C /* InstallmentsSelectionPresenter.swift in Sources */,
				03093F4529D7DD4C00B4D28C /* PaymentsLabel.swift in Sources */,
				034DFA1629D965070046720F /* Strings+ MoneyFormatting.swift in Sources */,
				03093F3629D7379E00B4D28C /* PaymentsMethodsService.swift in Sources */,
				03093F2E29D7373400B4D28C /* AmountEntryPresenter.swift in Sources */,
				03093F2229D7303700B4D28C /* InstallmentsSelectionViewController.swift in Sources */,
				03093F4129D7B6DF00B4D28C /* Constants.swift in Sources */,
				03093EE729D7125600B4D28C /* AppDelegate.swift in Sources */,
				03093F3029D7374600B4D28C /* PaymentTypePresenter.swift in Sources */,
				03D6CFEE29D7F55500E5735E /* PlistHelper.swift in Sources */,
				03093EE929D7125600B4D28C /* SceneDelegate.swift in Sources */,
				034DFA0829D8DAF50046720F /* PaymentsTableView.swift in Sources */,
				034DFA0429D8D6FD0046720F /* PaymentsMethodsCardIssuerService.swift in Sources */,
				034DFA0A29D8F2830046720F /* PaymentsMethodsInstallmentsService.swift in Sources */,
				03D3CA3329DA7A83004EF458 /* APIEndpoint.swift in Sources */,
				034DFA0229D8AECA0046720F /* UserSelection.swift in Sources */,
				034DFA0C29D9018E0046720F /* BankTableViewCell.swift in Sources */,
			);
			runOnlyForDeploymentPostprocessing = 0;
		};
		03093EF529D7125600B4D28C /* Sources */ = {
			isa = PBXSourcesBuildPhase;
			buildActionMask = 2147483647;
			files = (
				0390E26D29DA52A400FC686B /* PaymentsMethodsService.swift in Sources */,
				0390E27F29DA52B800FC686B /* InstallmentsSelectionViewController.swift in Sources */,
				0390E28229DA52D000FC686B /* PlistHelper.swift in Sources */,
				0390E25D29DA4D8200FC686B /* AmountEntryPresenter.swift in Sources */,
				0390E27529DA52B300FC686B /* InstallmentsSelectionPresenter.swift in Sources */,
				0390E27129DA52AA00FC686B /* PaymentsAmountTextField.swift in Sources */,
				0390E26F29DA52AA00FC686B /* PaymentsTableView.swift in Sources */,
				0390E28129DA52BC00FC686B /* CardIssuer.swift in Sources */,
				0390E27E29DA52B800FC686B /* UIViewController+ViewSetupProtocol.swift in Sources */,
				03093EFE29D7125600B4D28C /* PaymentsTests.swift in Sources */,
				0390E26C29DA52A400FC686B /* PaymentsMethodsInstallmentsService.swift in Sources */,
				0390E26429DA513A00FC686B /* PaymentMethodTableViewCell.swift in Sources */,
				0390E28029DA52BC00FC686B /* Installments.swift in Sources */,
				0390E26B29DA52A400FC686B /* PaymentsMethodsCardIssuerService.swift in Sources */,
				0390E27729DA52B300FC686B /* BankSelectionPresenter.swift in Sources */,
				0390E27929DA52B800FC686B /* Strings+ MoneyFormatting.swift in Sources */,
				0390E25929DA4BFA00FC686B /* AmountEntryPresenterTests.swift in Sources */,
				0390E25E29DA4D8C00FC686B /* UserSelection.swift in Sources */,
				0390E27629DA52B300FC686B /* ConfirmPaymentPresenter.swift in Sources */,
				0390E27D29DA52B800FC686B /* BankTableViewCell.swift in Sources */,
				0390E27B29DA52B800FC686B /* InstallmentsTableViewCell.swift in Sources */,
				033DBE2C29DA60BC00F758C2 /* AmountEntryViewControllerTests.swift in Sources */,
				0390E26329DA513600FC686B /* PaymentTypePresenter.swift in Sources */,
				0390E27829DA52B800FC686B /* BankSelectionViewController.swift in Sources */,
				0390E26E29DA52A700FC686B /* NetworkManager.swift in Sources */,
				0390E25C29DA4D6B00FC686B /* AmountEntryViewController.swift in Sources */,
				0390E27C29DA52B800FC686B /* ConfirmPaymentViewController.swift in Sources */,
				0390E26229DA513200FC686B /* PaymentTypeViewController.swift in Sources */,
				0390E27A29DA52B800FC686B /* Strings.swift in Sources */,
				0390E27429DA52AE00FC686B /* Constants.swift in Sources */,
				0390E27329DA52AA00FC686B /* PaymentsLabel.swift in Sources */,
				0390E26629DA526900FC686B /* PaymentMethod.swift in Sources */,
				0390E27229DA52AA00FC686B /* PaymentsButton.swift in Sources */,
				0390E27029DA52AA00FC686B /* PaymentCardFlowView.swift in Sources */,
			);
			runOnlyForDeploymentPostprocessing = 0;
		};
		03093EFF29D7125600B4D28C /* Sources */ = {
			isa = PBXSourcesBuildPhase;
			buildActionMask = 2147483647;
			files = (
				03093F0A29D7125600B4D28C /* PaymentsUITestsLaunchTests.swift in Sources */,
				03093F0829D7125600B4D28C /* PaymentsUITests.swift in Sources */,
			);
			runOnlyForDeploymentPostprocessing = 0;
		};
/* End PBXSourcesBuildPhase section */

/* Begin PBXTargetDependency section */
		03093EFB29D7125600B4D28C /* PBXTargetDependency */ = {
			isa = PBXTargetDependency;
			target = 03093EE229D7125600B4D28C /* Payments */;
			targetProxy = 03093EFA29D7125600B4D28C /* PBXContainerItemProxy */;
		};
		03093F0529D7125600B4D28C /* PBXTargetDependency */ = {
			isa = PBXTargetDependency;
			target = 03093EE229D7125600B4D28C /* Payments */;
			targetProxy = 03093F0429D7125600B4D28C /* PBXContainerItemProxy */;
		};
/* End PBXTargetDependency section */

/* Begin PBXVariantGroup section */
		03093EF129D7125600B4D28C /* LaunchScreen.storyboard */ = {
			isa = PBXVariantGroup;
			children = (
				03093EF229D7125600B4D28C /* Base */,
			);
			name = LaunchScreen.storyboard;
			sourceTree = "<group>";
		};
/* End PBXVariantGroup section */

/* Begin XCBuildConfiguration section */
		03093F0B29D7125600B4D28C /* Debug */ = {
			isa = XCBuildConfiguration;
			buildSettings = {
				ALWAYS_SEARCH_USER_PATHS = NO;
				CLANG_ANALYZER_NONNULL = YES;
				CLANG_ANALYZER_NUMBER_OBJECT_CONVERSION = YES_AGGRESSIVE;
				CLANG_CXX_LANGUAGE_STANDARD = "gnu++20";
				CLANG_ENABLE_MODULES = YES;
				CLANG_ENABLE_OBJC_ARC = YES;
				CLANG_ENABLE_OBJC_WEAK = YES;
				CLANG_WARN_BLOCK_CAPTURE_AUTORELEASING = YES;
				CLANG_WARN_BOOL_CONVERSION = YES;
				CLANG_WARN_COMMA = YES;
				CLANG_WARN_CONSTANT_CONVERSION = YES;
				CLANG_WARN_DEPRECATED_OBJC_IMPLEMENTATIONS = YES;
				CLANG_WARN_DIRECT_OBJC_ISA_USAGE = YES_ERROR;
				CLANG_WARN_DOCUMENTATION_COMMENTS = YES;
				CLANG_WARN_EMPTY_BODY = YES;
				CLANG_WARN_ENUM_CONVERSION = YES;
				CLANG_WARN_INFINITE_RECURSION = YES;
				CLANG_WARN_INT_CONVERSION = YES;
				CLANG_WARN_NON_LITERAL_NULL_CONVERSION = YES;
				CLANG_WARN_OBJC_IMPLICIT_RETAIN_SELF = YES;
				CLANG_WARN_OBJC_LITERAL_CONVERSION = YES;
				CLANG_WARN_OBJC_ROOT_CLASS = YES_ERROR;
				CLANG_WARN_QUOTED_INCLUDE_IN_FRAMEWORK_HEADER = YES;
				CLANG_WARN_RANGE_LOOP_ANALYSIS = YES;
				CLANG_WARN_STRICT_PROTOTYPES = YES;
				CLANG_WARN_SUSPICIOUS_MOVE = YES;
				CLANG_WARN_UNGUARDED_AVAILABILITY = YES_AGGRESSIVE;
				CLANG_WARN_UNREACHABLE_CODE = YES;
				CLANG_WARN__DUPLICATE_METHOD_MATCH = YES;
				COPY_PHASE_STRIP = NO;
				DEBUG_INFORMATION_FORMAT = dwarf;
				ENABLE_STRICT_OBJC_MSGSEND = YES;
				ENABLE_TESTABILITY = YES;
				GCC_C_LANGUAGE_STANDARD = gnu11;
				GCC_DYNAMIC_NO_PIC = NO;
				GCC_NO_COMMON_BLOCKS = YES;
				GCC_OPTIMIZATION_LEVEL = 0;
				GCC_PREPROCESSOR_DEFINITIONS = (
					"DEBUG=1",
					"$(inherited)",
				);
				GCC_WARN_64_TO_32_BIT_CONVERSION = YES;
				GCC_WARN_ABOUT_RETURN_TYPE = YES_ERROR;
				GCC_WARN_UNDECLARED_SELECTOR = YES;
				GCC_WARN_UNINITIALIZED_AUTOS = YES_AGGRESSIVE;
				GCC_WARN_UNUSED_FUNCTION = YES;
				GCC_WARN_UNUSED_VARIABLE = YES;
				IPHONEOS_DEPLOYMENT_TARGET = 16.2;
				MTL_ENABLE_DEBUG_INFO = INCLUDE_SOURCE;
				MTL_FAST_MATH = YES;
				ONLY_ACTIVE_ARCH = YES;
				SDKROOT = iphoneos;
				SWIFT_ACTIVE_COMPILATION_CONDITIONS = DEBUG;
				SWIFT_OPTIMIZATION_LEVEL = "-Onone";
			};
			name = Debug;
		};
		03093F0C29D7125600B4D28C /* Release */ = {
			isa = XCBuildConfiguration;
			buildSettings = {
				ALWAYS_SEARCH_USER_PATHS = NO;
				CLANG_ANALYZER_NONNULL = YES;
				CLANG_ANALYZER_NUMBER_OBJECT_CONVERSION = YES_AGGRESSIVE;
				CLANG_CXX_LANGUAGE_STANDARD = "gnu++20";
				CLANG_ENABLE_MODULES = YES;
				CLANG_ENABLE_OBJC_ARC = YES;
				CLANG_ENABLE_OBJC_WEAK = YES;
				CLANG_WARN_BLOCK_CAPTURE_AUTORELEASING = YES;
				CLANG_WARN_BOOL_CONVERSION = YES;
				CLANG_WARN_COMMA = YES;
				CLANG_WARN_CONSTANT_CONVERSION = YES;
				CLANG_WARN_DEPRECATED_OBJC_IMPLEMENTATIONS = YES;
				CLANG_WARN_DIRECT_OBJC_ISA_USAGE = YES_ERROR;
				CLANG_WARN_DOCUMENTATION_COMMENTS = YES;
				CLANG_WARN_EMPTY_BODY = YES;
				CLANG_WARN_ENUM_CONVERSION = YES;
				CLANG_WARN_INFINITE_RECURSION = YES;
				CLANG_WARN_INT_CONVERSION = YES;
				CLANG_WARN_NON_LITERAL_NULL_CONVERSION = YES;
				CLANG_WARN_OBJC_IMPLICIT_RETAIN_SELF = YES;
				CLANG_WARN_OBJC_LITERAL_CONVERSION = YES;
				CLANG_WARN_OBJC_ROOT_CLASS = YES_ERROR;
				CLANG_WARN_QUOTED_INCLUDE_IN_FRAMEWORK_HEADER = YES;
				CLANG_WARN_RANGE_LOOP_ANALYSIS = YES;
				CLANG_WARN_STRICT_PROTOTYPES = YES;
				CLANG_WARN_SUSPICIOUS_MOVE = YES;
				CLANG_WARN_UNGUARDED_AVAILABILITY = YES_AGGRESSIVE;
				CLANG_WARN_UNREACHABLE_CODE = YES;
				CLANG_WARN__DUPLICATE_METHOD_MATCH = YES;
				COPY_PHASE_STRIP = NO;
				DEBUG_INFORMATION_FORMAT = "dwarf-with-dsym";
				ENABLE_NS_ASSERTIONS = NO;
				ENABLE_STRICT_OBJC_MSGSEND = YES;
				GCC_C_LANGUAGE_STANDARD = gnu11;
				GCC_NO_COMMON_BLOCKS = YES;
				GCC_WARN_64_TO_32_BIT_CONVERSION = YES;
				GCC_WARN_ABOUT_RETURN_TYPE = YES_ERROR;
				GCC_WARN_UNDECLARED_SELECTOR = YES;
				GCC_WARN_UNINITIALIZED_AUTOS = YES_AGGRESSIVE;
				GCC_WARN_UNUSED_FUNCTION = YES;
				GCC_WARN_UNUSED_VARIABLE = YES;
				IPHONEOS_DEPLOYMENT_TARGET = 16.2;
				MTL_ENABLE_DEBUG_INFO = NO;
				MTL_FAST_MATH = YES;
				SDKROOT = iphoneos;
				SWIFT_COMPILATION_MODE = wholemodule;
				SWIFT_OPTIMIZATION_LEVEL = "-O";
				VALIDATE_PRODUCT = YES;
			};
			name = Release;
		};
		03093F0E29D7125600B4D28C /* Debug */ = {
			isa = XCBuildConfiguration;
			baseConfigurationReference = BF04CCF6A46EC5E30CC6917C /* Pods-Payments.debug.xcconfig */;
			buildSettings = {
				ASSETCATALOG_COMPILER_APPICON_NAME = AppIcon;
				ASSETCATALOG_COMPILER_GLOBAL_ACCENT_COLOR_NAME = AccentColor;
				CODE_SIGN_STYLE = Automatic;
				CURRENT_PROJECT_VERSION = 1;
				DEVELOPMENT_TEAM = M27NLNYXQP;
				GENERATE_INFOPLIST_FILE = YES;
				INFOPLIST_FILE = "Payments/Supporting Files/Info.plist";
				INFOPLIST_KEY_UIApplicationSupportsIndirectInputEvents = YES;
				INFOPLIST_KEY_UILaunchStoryboardName = LaunchScreen;
				INFOPLIST_KEY_UISupportedInterfaceOrientations_iPad = "UIInterfaceOrientationPortrait UIInterfaceOrientationPortraitUpsideDown UIInterfaceOrientationLandscapeLeft UIInterfaceOrientationLandscapeRight";
				INFOPLIST_KEY_UISupportedInterfaceOrientations_iPhone = "UIInterfaceOrientationPortrait UIInterfaceOrientationLandscapeLeft UIInterfaceOrientationLandscapeRight";
				LD_RUNPATH_SEARCH_PATHS = (
					"$(inherited)",
					"@executable_path/Frameworks",
				);
				MARKETING_VERSION = 1.0;
				PRODUCT_BUNDLE_IDENTIFIER = cl.ml.Payments;
				PRODUCT_NAME = "$(TARGET_NAME)";
				SWIFT_EMIT_LOC_STRINGS = YES;
				SWIFT_VERSION = 5.0;
				TARGETED_DEVICE_FAMILY = "1,2";
			};
			name = Debug;
		};
		03093F0F29D7125600B4D28C /* Release */ = {
			isa = XCBuildConfiguration;
			baseConfigurationReference = CDEC1B0AD924255A8E6C6098 /* Pods-Payments.release.xcconfig */;
			buildSettings = {
				ASSETCATALOG_COMPILER_APPICON_NAME = AppIcon;
				ASSETCATALOG_COMPILER_GLOBAL_ACCENT_COLOR_NAME = AccentColor;
				CODE_SIGN_STYLE = Automatic;
				CURRENT_PROJECT_VERSION = 1;
				DEVELOPMENT_TEAM = M27NLNYXQP;
				GENERATE_INFOPLIST_FILE = YES;
				INFOPLIST_FILE = "Payments/Supporting Files/Info.plist";
				INFOPLIST_KEY_UIApplicationSupportsIndirectInputEvents = YES;
				INFOPLIST_KEY_UILaunchStoryboardName = LaunchScreen;
				INFOPLIST_KEY_UISupportedInterfaceOrientations_iPad = "UIInterfaceOrientationPortrait UIInterfaceOrientationPortraitUpsideDown UIInterfaceOrientationLandscapeLeft UIInterfaceOrientationLandscapeRight";
				INFOPLIST_KEY_UISupportedInterfaceOrientations_iPhone = "UIInterfaceOrientationPortrait UIInterfaceOrientationLandscapeLeft UIInterfaceOrientationLandscapeRight";
				LD_RUNPATH_SEARCH_PATHS = (
					"$(inherited)",
					"@executable_path/Frameworks",
				);
				MARKETING_VERSION = 1.0;
				PRODUCT_BUNDLE_IDENTIFIER = cl.ml.Payments;
				PRODUCT_NAME = "$(TARGET_NAME)";
				SWIFT_EMIT_LOC_STRINGS = YES;
				SWIFT_VERSION = 5.0;
				TARGETED_DEVICE_FAMILY = "1,2";
			};
			name = Release;
		};
		03093F1129D7125600B4D28C /* Debug */ = {
			isa = XCBuildConfiguration;
			baseConfigurationReference = B164C5917AFB59923D20B706 /* Pods-PaymentsTests.debug.xcconfig */;
			buildSettings = {
				ALWAYS_EMBED_SWIFT_STANDARD_LIBRARIES = YES;
				BUNDLE_LOADER = "$(TEST_HOST)";
				CODE_SIGN_STYLE = Automatic;
				CURRENT_PROJECT_VERSION = 1;
				DEVELOPMENT_TEAM = M27NLNYXQP;
				GENERATE_INFOPLIST_FILE = YES;
				IPHONEOS_DEPLOYMENT_TARGET = 16.2;
				MARKETING_VERSION = 1.0;
				PRODUCT_BUNDLE_IDENTIFIER = cl.ml.PaymentsTests;
				PRODUCT_NAME = "$(TARGET_NAME)";
				SWIFT_EMIT_LOC_STRINGS = NO;
				SWIFT_VERSION = 5.0;
				TARGETED_DEVICE_FAMILY = "1,2";
				TEST_HOST = "$(BUILT_PRODUCTS_DIR)/Payments.app/$(BUNDLE_EXECUTABLE_FOLDER_PATH)/Payments";
			};
			name = Debug;
		};
		03093F1229D7125600B4D28C /* Release */ = {
			isa = XCBuildConfiguration;
			baseConfigurationReference = C746CA422E89C9B8BB2A744E /* Pods-PaymentsTests.release.xcconfig */;
			buildSettings = {
				ALWAYS_EMBED_SWIFT_STANDARD_LIBRARIES = YES;
				BUNDLE_LOADER = "$(TEST_HOST)";
				CODE_SIGN_STYLE = Automatic;
				CURRENT_PROJECT_VERSION = 1;
				DEVELOPMENT_TEAM = M27NLNYXQP;
				GENERATE_INFOPLIST_FILE = YES;
				IPHONEOS_DEPLOYMENT_TARGET = 16.2;
				MARKETING_VERSION = 1.0;
				PRODUCT_BUNDLE_IDENTIFIER = cl.ml.PaymentsTests;
				PRODUCT_NAME = "$(TARGET_NAME)";
				SWIFT_EMIT_LOC_STRINGS = NO;
				SWIFT_VERSION = 5.0;
				TARGETED_DEVICE_FAMILY = "1,2";
				TEST_HOST = "$(BUILT_PRODUCTS_DIR)/Payments.app/$(BUNDLE_EXECUTABLE_FOLDER_PATH)/Payments";
			};
			name = Release;
		};
		03093F1429D7125600B4D28C /* Debug */ = {
			isa = XCBuildConfiguration;
			baseConfigurationReference = BB0AF5D0C6A492AEBCFC63B8 /* Pods-Payments-PaymentsUITests.debug.xcconfig */;
			buildSettings = {
				ALWAYS_EMBED_SWIFT_STANDARD_LIBRARIES = YES;
				CODE_SIGN_STYLE = Automatic;
				CURRENT_PROJECT_VERSION = 1;
				DEVELOPMENT_TEAM = M27NLNYXQP;
				GENERATE_INFOPLIST_FILE = YES;
				MARKETING_VERSION = 1.0;
				PRODUCT_BUNDLE_IDENTIFIER = cl.ml.PaymentsUITests;
				PRODUCT_NAME = "$(TARGET_NAME)";
				SWIFT_EMIT_LOC_STRINGS = NO;
				SWIFT_VERSION = 5.0;
				TARGETED_DEVICE_FAMILY = "1,2";
				TEST_TARGET_NAME = Payments;
			};
			name = Debug;
		};
		03093F1529D7125600B4D28C /* Release */ = {
			isa = XCBuildConfiguration;
			baseConfigurationReference = D738FEA734591957A654EF49 /* Pods-Payments-PaymentsUITests.release.xcconfig */;
			buildSettings = {
				ALWAYS_EMBED_SWIFT_STANDARD_LIBRARIES = YES;
				CODE_SIGN_STYLE = Automatic;
				CURRENT_PROJECT_VERSION = 1;
				DEVELOPMENT_TEAM = M27NLNYXQP;
				GENERATE_INFOPLIST_FILE = YES;
				MARKETING_VERSION = 1.0;
				PRODUCT_BUNDLE_IDENTIFIER = cl.ml.PaymentsUITests;
				PRODUCT_NAME = "$(TARGET_NAME)";
				SWIFT_EMIT_LOC_STRINGS = NO;
				SWIFT_VERSION = 5.0;
				TARGETED_DEVICE_FAMILY = "1,2";
				TEST_TARGET_NAME = Payments;
			};
			name = Release;
		};
/* End XCBuildConfiguration section */

/* Begin XCConfigurationList section */
		03093EDE29D7125500B4D28C /* Build configuration list for PBXProject "Payments" */ = {
			isa = XCConfigurationList;
			buildConfigurations = (
				03093F0B29D7125600B4D28C /* Debug */,
				03093F0C29D7125600B4D28C /* Release */,
			);
			defaultConfigurationIsVisible = 0;
			defaultConfigurationName = Release;
		};
		03093F0D29D7125600B4D28C /* Build configuration list for PBXNativeTarget "Payments" */ = {
			isa = XCConfigurationList;
			buildConfigurations = (
				03093F0E29D7125600B4D28C /* Debug */,
				03093F0F29D7125600B4D28C /* Release */,
			);
			defaultConfigurationIsVisible = 0;
			defaultConfigurationName = Release;
		};
		03093F1029D7125600B4D28C /* Build configuration list for PBXNativeTarget "PaymentsTests" */ = {
			isa = XCConfigurationList;
			buildConfigurations = (
				03093F1129D7125600B4D28C /* Debug */,
				03093F1229D7125600B4D28C /* Release */,
			);
			defaultConfigurationIsVisible = 0;
			defaultConfigurationName = Release;
		};
		03093F1329D7125600B4D28C /* Build configuration list for PBXNativeTarget "PaymentsUITests" */ = {
			isa = XCConfigurationList;
			buildConfigurations = (
				03093F1429D7125600B4D28C /* Debug */,
				03093F1529D7125600B4D28C /* Release */,
			);
			defaultConfigurationIsVisible = 0;
			defaultConfigurationName = Release;
		};
/* End XCConfigurationList section */
	};
	rootObject = 03093EDB29D7125500B4D28C /* Project object */;
}
